{
  "name": "trpc-monorepo-npm",
  "version": "1.0.0",
  "lockfileVersion": 3,
  "requires": true,
  "packages": {
    "": {
      "name": "trpc-monorepo-npm",
      "version": "1.0.0",
      "license": "ISC",
      "workspaces": [
        "packages/*",
        "tooling/*"
      ],
      "devDependencies": {
        "typescript": "^5.8.3"
      }
    },
    "node_modules/@acme/client": {
      "resolved": "packages/client",
      "link": true
    },
    "node_modules/@acme/server": {
      "resolved": "packages/server",
      "link": true
    },
    "node_modules/@acme/tsconfig": {
      "resolved": "tooling/typescript",
      "link": true
    },
    "node_modules/typescript": {
      "version": "5.8.3",
      "resolved": "https://registry.npmjs.org/typescript/-/typescript-5.8.3.tgz",
      "integrity": "sha512-p1diW6TqL9L07nNxvRMM7hMMw4c5XOo/1ibL4aAIGmSAt9slTE1Xgw5KWuof2uTOvCg9BY7ZRi+GaF+7sfgPeQ==",
      "dev": true,
      "bin": {
        "tsc": "bin/tsc",
        "tsserver": "bin/tsserver"
      },
      "engines": {
        "node": ">=14.17"
      }
    },
    "packages/client": {
      "name": "@acme/client",
      "version": "1.0.0",
      "license": "ISC",
      "dependencies": {
        "@acme/server": "*",
        "@acme/tsconfig": "*"
      }
    },
    "packages/server": {
      "name": "@acme/server",
      "version": "1.0.0",
      "dependencies": {
        "@acme/tsconfig": "*"
      }
    },
    "packages/shared": {
      "version": "1.0.0",
      "extraneous": true,
      "license": "ISC"
    },
    "tooling/tsconfig": {
      "name": "@acme/tsconfig",
      "version": "0.1.0",
      "extraneous": true
    },
    "tooling/typescript": {
      "version": "0.1.0"
    }
  }
}
